
Microsoft Visual Studio Solution File, Format Version 12.00
# Visual Studio Version 16
VisualStudioVersion = 16.0.29324.140
MinimumVisualStudioVersion = 10.0.40219.1
Project("{8BC9CEB8-8B4A-11D0-8D11-00A0C91BC942}") = "labal", "labal\labal.vcxproj", "{BDE5CCA1-1651-4567-84FA-099BEFB36BC9}"
EndProject
Project("{8BC9CEB8-8B4A-11D0-8D11-00A0C91BC942}") = "TestFile", "TestFile\TestFile.vcxproj", "{2ED5B511-9AF6-41F4-B66B-6970810EA989}"
EndProject
Global
	GlobalSection(SolutionConfigurationPlatforms) = preSolution
		Debug|x64 = Debug|x64
		Debug|x86 = Debug|x86
		Release|x64 = Release|x64
		Release|x86 = Release|x86
	EndGlobalSection
	GlobalSection(ProjectConfigurationPlatforms) = postSolution
		{BDE5CCA1-1651-4567-84FA-099BEFB36BC9}.Debug|x64.ActiveCfg = Debug|x64
		{BDE5CCA1-1651-4567-84FA-099BEFB36BC9}.Debug|x64.Build.0 = Debug|x64
		{BDE5CCA1-1651-4567-84FA-099BEFB36BC9}.Debug|x86.ActiveCfg = Debug|Win32
		{BDE5CCA1-1651-4567-84FA-099BEFB36BC9}.Debug|x86.Build.0 = Debug|Win32
		{BDE5CCA1-1651-4567-84FA-099BEFB36BC9}.Release|x64.ActiveCfg = Release|x64
		{BDE5CCA1-1651-4567-84FA-099BEFB36BC9}.Release|x64.Build.0 = Release|x64
		{BDE5CCA1-1651-4567-84FA-099BEFB36BC9}.Release|x86.ActiveCfg = Release|Win32
		{BDE5CCA1-1651-4567-84FA-099BEFB36BC9}.Release|x86.Build.0 = Release|Win32
		{2ED5B511-9AF6-41F4-B66B-6970810EA989}.Debug|x64.ActiveCfg = Debug|x64
		{2ED5B511-9AF6-41F4-B66B-6970810EA989}.Debug|x64.Build.0 = Debug|x64
		{2ED5B511-9AF6-41F4-B66B-6970810EA989}.Debug|x86.ActiveCfg = Debug|Win32
		{2ED5B511-9AF6-41F4-B66B-6970810EA989}.Debug|x86.Build.0 = Debug|Win32
		{2ED5B511-9AF6-41F4-B66B-6970810EA989}.Release|x64.ActiveCfg = Release|x64
		{2ED5B511-9AF6-41F4-B66B-6970810EA989}.Release|x64.Build.0 = Release|x64
		{2ED5B511-9AF6-41F4-B66B-6970810EA989}.Release|x86.ActiveCfg = Release|Win32
		{2ED5B511-9AF6-41F4-B66B-6970810EA989}.Release|x86.Build.0 = Release|Win32
	EndGlobalSection
	GlobalSection(SolutionProperties) = preSolution
		HideSolutionNode = FALSE
	EndGlobalSection
	GlobalSection(ExtensibilityGlobals) = postSolution
		SolutionGuid = {CC25EC75-0C53-4F64-91F7-1299CBE18152}
	EndGlobalSection
EndGlobal
